
Microsoft Visual Studio Solution File, Format Version 12.00
Project("{FAE04EC0-301F-11D3-BF4B-00C04F79EFBC}") = "Hausaufgabe1", "Hausaufgabe1\Hausaufgabe1.csproj", "{03A2E6AF-9CD9-41E7-B714-641AC25A81EA}"
EndProject
Global
	GlobalSection(SolutionConfigurationPlatforms) = preSolution
		Debug|Any CPU = Debug|Any CPU
		Release|Any CPU = Release|Any CPU
	EndGlobalSection
	GlobalSection(ProjectConfigurationPlatforms) = postSolution
		{03A2E6AF-9CD9-41E7-B714-641AC25A81EA}.Debug|Any CPU.ActiveCfg = Debug|Any CPU
		{03A2E6AF-9CD9-41E7-B714-641AC25A81EA}.Debug|Any CPU.Build.0 = Debug|Any CPU
		{03A2E6AF-9CD9-41E7-B714-641AC25A81EA}.Release|Any CPU.ActiveCfg = Release|Any CPU
		{03A2E6AF-9CD9-41E7-B714-641AC25A81EA}.Release|Any CPU.Build.0 = Release|Any CPU
	EndGlobalSection
EndGlobal
